
Microsoft Visual Studio Solution File, Format Version 12.00
# Visual Studio Version 16
VisualStudioVersion = 16.0.31005.135
MinimumVisualStudioVersion = 10.0.40219.1
Project("{FAE04EC0-301F-11D3-BF4B-00C04F79EFBC}") = "Inheritance", "Inheritance\Inheritance.csproj", "{24F70FD0-5088-4614-B894-AB4965E81479}"
EndProject
Global
	GlobalSection(SolutionConfigurationPlatforms) = preSolution
		Debug|Any CPU = Debug|Any CPU
		Release|Any CPU = Release|Any CPU
	EndGlobalSection
	GlobalSection(ProjectConfigurationPlatforms) = postSolution
		{24F70FD0-5088-4614-B894-AB4965E81479}.Debug|Any CPU.ActiveCfg = Debug|Any CPU
		{24F70FD0-5088-4614-B894-AB4965E81479}.Debug|Any CPU.Build.0 = Debug|Any CPU
		{24F70FD0-5088-4614-B894-AB4965E81479}.Release|Any CPU.ActiveCfg = Release|Any CPU
		{24F70FD0-5088-4614-B894-AB4965E81479}.Release|Any CPU.Build.0 = Release|Any CPU
	EndGlobalSection
	GlobalSection(SolutionProperties) = preSolution
		HideSolutionNode = FALSE
	EndGlobalSection
	GlobalSection(ExtensibilityGlobals) = postSolution
		SolutionGuid = {F473B71B-99A4-4FCB-8861-F3DFAFDA1F17}
	EndGlobalSection
EndGlobal
