
Microsoft Visual Studio Solution File, Format Version 12.00
# Visual Studio Version 16
VisualStudioVersion = 16.0.31105.61
MinimumVisualStudioVersion = 10.0.40219.1
Project("{FAE04EC0-301F-11D3-BF4B-00C04F79EFBC}") = "AspNetCoreFundamentals", "AspNetCoreFundamentals\AspNetCoreFundamentals.csproj", "{470BB9B2-07D4-4303-BD83-1A74A1E954A1}"
EndProject
Global
	GlobalSection(SolutionConfigurationPlatforms) = preSolution
		Debug|Any CPU = Debug|Any CPU
		Release|Any CPU = Release|Any CPU
	EndGlobalSection
	GlobalSection(ProjectConfigurationPlatforms) = postSolution
		{470BB9B2-07D4-4303-BD83-1A74A1E954A1}.Debug|Any CPU.ActiveCfg = Debug|Any CPU
		{470BB9B2-07D4-4303-BD83-1A74A1E954A1}.Debug|Any CPU.Build.0 = Debug|Any CPU
		{470BB9B2-07D4-4303-BD83-1A74A1E954A1}.Release|Any CPU.ActiveCfg = Release|Any CPU
		{470BB9B2-07D4-4303-BD83-1A74A1E954A1}.Release|Any CPU.Build.0 = Release|Any CPU
	EndGlobalSection
	GlobalSection(SolutionProperties) = preSolution
		HideSolutionNode = FALSE
	EndGlobalSection
	GlobalSection(ExtensibilityGlobals) = postSolution
		SolutionGuid = {6CED1424-9950-4BBC-9E5F-E67641E24C8D}
	EndGlobalSection
EndGlobal
