
Microsoft Visual Studio Solution File, Format Version 12.00
# Visual Studio Version 16
VisualStudioVersion = 16.0.31005.135
MinimumVisualStudioVersion = 10.0.40219.1
Project("{FAE04EC0-301F-11D3-BF4B-00C04F79EFBC}") = "PrimeService", "PrimeService\PrimeService.csproj", "{66A9A87C-16B6-4A3C-BFA2-90D9B41F93D7}"
EndProject
Project("{FAE04EC0-301F-11D3-BF4B-00C04F79EFBC}") = "PrimeService.Tests", "PrimeService.Tests\PrimeService.Tests.csproj", "{AC596699-4DC5-484D-9FA7-8E1679EBD4F8}"
EndProject
Global
	GlobalSection(SolutionConfigurationPlatforms) = preSolution
		Debug|Any CPU = Debug|Any CPU
		Release|Any CPU = Release|Any CPU
	EndGlobalSection
	GlobalSection(ProjectConfigurationPlatforms) = postSolution
		{66A9A87C-16B6-4A3C-BFA2-90D9B41F93D7}.Debug|Any CPU.ActiveCfg = Debug|Any CPU
		{66A9A87C-16B6-4A3C-BFA2-90D9B41F93D7}.Debug|Any CPU.Build.0 = Debug|Any CPU
		{66A9A87C-16B6-4A3C-BFA2-90D9B41F93D7}.Release|Any CPU.ActiveCfg = Release|Any CPU
		{66A9A87C-16B6-4A3C-BFA2-90D9B41F93D7}.Release|Any CPU.Build.0 = Release|Any CPU
		{AC596699-4DC5-484D-9FA7-8E1679EBD4F8}.Debug|Any CPU.ActiveCfg = Debug|Any CPU
		{AC596699-4DC5-484D-9FA7-8E1679EBD4F8}.Debug|Any CPU.Build.0 = Debug|Any CPU
		{AC596699-4DC5-484D-9FA7-8E1679EBD4F8}.Release|Any CPU.ActiveCfg = Release|Any CPU
		{AC596699-4DC5-484D-9FA7-8E1679EBD4F8}.Release|Any CPU.Build.0 = Release|Any CPU
	EndGlobalSection
	GlobalSection(SolutionProperties) = preSolution
		HideSolutionNode = FALSE
	EndGlobalSection
	GlobalSection(ExtensibilityGlobals) = postSolution
		SolutionGuid = {0BA8DBB9-76F5-4CBE-9C9B-F8943AC6230E}
	EndGlobalSection
EndGlobal
