
Microsoft Visual Studio Solution File, Format Version 12.00
# Visual Studio Version 16
VisualStudioVersion = 16.0.31005.135
MinimumVisualStudioVersion = 10.0.40219.1
Project("{9A19103F-16F7-4668-BE54-9A1E7A4F7556}") = "rockpaperscissors", "rockpaperscissors.csproj", "{FEFA9BCE-BC69-4262-BC31-F5C99B1C886A}"
EndProject
Project("{FAE04EC0-301F-11D3-BF4B-00C04F79EFBC}") = "rockpaperscissors.Tests", "..\rockpaperscissors.Tests\rockpaperscissors.Tests.csproj", "{E7ACC29E-1275-45A6-81C4-BF0ACBC3AE64}"
EndProject
Global
	GlobalSection(SolutionConfigurationPlatforms) = preSolution
		Debug|Any CPU = Debug|Any CPU
		Release|Any CPU = Release|Any CPU
	EndGlobalSection
	GlobalSection(ProjectConfigurationPlatforms) = postSolution
		{FEFA9BCE-BC69-4262-BC31-F5C99B1C886A}.Debug|Any CPU.ActiveCfg = Debug|Any CPU
		{FEFA9BCE-BC69-4262-BC31-F5C99B1C886A}.Debug|Any CPU.Build.0 = Debug|Any CPU
		{FEFA9BCE-BC69-4262-BC31-F5C99B1C886A}.Release|Any CPU.ActiveCfg = Release|Any CPU
		{FEFA9BCE-BC69-4262-BC31-F5C99B1C886A}.Release|Any CPU.Build.0 = Release|Any CPU
		{E7ACC29E-1275-45A6-81C4-BF0ACBC3AE64}.Debug|Any CPU.ActiveCfg = Debug|Any CPU
		{E7ACC29E-1275-45A6-81C4-BF0ACBC3AE64}.Debug|Any CPU.Build.0 = Debug|Any CPU
		{E7ACC29E-1275-45A6-81C4-BF0ACBC3AE64}.Release|Any CPU.ActiveCfg = Release|Any CPU
		{E7ACC29E-1275-45A6-81C4-BF0ACBC3AE64}.Release|Any CPU.Build.0 = Release|Any CPU
	EndGlobalSection
	GlobalSection(SolutionProperties) = preSolution
		HideSolutionNode = FALSE
	EndGlobalSection
	GlobalSection(ExtensibilityGlobals) = postSolution
		SolutionGuid = {813A9487-0AA7-440B-87FE-845467614338}
	EndGlobalSection
EndGlobal
